
Microsoft Visual Studio Solution File, Format Version 12.00
# Visual Studio 15
VisualStudioVersion = 15.0.28307.1433
MinimumVisualStudioVersion = 10.0.40219.1
Project("{FAE04EC0-301F-11D3-BF4B-00C04F79EFBC}") = "ObligatorioProg2", "ObligatorioProg2\ObligatorioProg2.csproj", "{13E0809D-423A-411F-A3DB-06EFC74FCEFE}"
EndProject
Project("{9A19103F-16F7-4668-BE54-9A1E7A4F7556}") = "Dominio", "Dominio\Dominio.csproj", "{F603214B-E8E8-4EA5-939E-792F7AEEEFC9}"
EndProject
Project("{FAE04EC0-301F-11D3-BF4B-00C04F79EFBC}") = "Consola", "ObligatorioProg2\Consola.csproj", "{B6BB1B50-777C-451A-881B-B944346C4F8D}"
EndProject
Global
	GlobalSection(SolutionConfigurationPlatforms) = preSolution
		Debug|Any CPU = Debug|Any CPU
		Release|Any CPU = Release|Any CPU
	EndGlobalSection
	GlobalSection(ProjectConfigurationPlatforms) = postSolution
		{13E0809D-423A-411F-A3DB-06EFC74FCEFE}.Debug|Any CPU.ActiveCfg = Debug|Any CPU
		{13E0809D-423A-411F-A3DB-06EFC74FCEFE}.Debug|Any CPU.Build.0 = Debug|Any CPU
		{13E0809D-423A-411F-A3DB-06EFC74FCEFE}.Release|Any CPU.ActiveCfg = Release|Any CPU
		{13E0809D-423A-411F-A3DB-06EFC74FCEFE}.Release|Any CPU.Build.0 = Release|Any CPU
		{F603214B-E8E8-4EA5-939E-792F7AEEEFC9}.Debug|Any CPU.ActiveCfg = Debug|Any CPU
		{F603214B-E8E8-4EA5-939E-792F7AEEEFC9}.Debug|Any CPU.Build.0 = Debug|Any CPU
		{F603214B-E8E8-4EA5-939E-792F7AEEEFC9}.Release|Any CPU.ActiveCfg = Release|Any CPU
		{F603214B-E8E8-4EA5-939E-792F7AEEEFC9}.Release|Any CPU.Build.0 = Release|Any CPU
		{B6BB1B50-777C-451A-881B-B944346C4F8D}.Debug|Any CPU.ActiveCfg = Debug|Any CPU
		{B6BB1B50-777C-451A-881B-B944346C4F8D}.Debug|Any CPU.Build.0 = Debug|Any CPU
		{B6BB1B50-777C-451A-881B-B944346C4F8D}.Release|Any CPU.ActiveCfg = Release|Any CPU
		{B6BB1B50-777C-451A-881B-B944346C4F8D}.Release|Any CPU.Build.0 = Release|Any CPU
	EndGlobalSection
	GlobalSection(SolutionProperties) = preSolution
		HideSolutionNode = FALSE
	EndGlobalSection
	GlobalSection(ExtensibilityGlobals) = postSolution
		SolutionGuid = {F0E372DE-9213-45BB-8D11-58D19AC0FF4B}
	EndGlobalSection
EndGlobal
